// !$*UTF8*$!
{
	archiveVersion = 1;
	classes = {
	};
	objectVersion = 56;
	objects = {

/* Begin PBXBuildFile section */
		041A36AD2B43981B00BF1128 /* introducaoApp.swift in Sources */ = {isa = PBXBuildFile; fileRef = 041A36AC2B43981B00BF1128 /* introducaoApp.swift */; };
		041A36B12B43981D00BF1128 /* Assets.xcassets in Resources */ = {isa = PBXBuildFile; fileRef = 041A36B02B43981D00BF1128 /* Assets.xcassets */; };
		041A36B42B43981D00BF1128 /* Preview Assets.xcassets in Resources */ = {isa = PBXBuildFile; fileRef = 041A36B32B43981D00BF1128 /* Preview Assets.xcassets */; };
		0454E3C52B4CD2B6001840DB /* SplashView.swift in Sources */ = {isa = PBXBuildFile; fileRef = 0454E3C42B4CD2B6001840DB /* SplashView.swift */; };
		0454E3C82B4CD3D6001840DB /* SplashUIState.swift in Sources */ = {isa = PBXBuildFile; fileRef = 0454E3C72B4CD3D6001840DB /* SplashUIState.swift */; };
		04A4EB2F2B4F5D1D00732154 /* SignInView.swift in Sources */ = {isa = PBXBuildFile; fileRef = 04A4EB2E2B4F5D1D00732154 /* SignInView.swift */; };
		04A4EB312B4F5D8C00732154 /* SignInViewModel.swift in Sources */ = {isa = PBXBuildFile; fileRef = 04A4EB302B4F5D8C00732154 /* SignInViewModel.swift */; };
		04A4EB332B4F603A00732154 /* SplashRouter.swift in Sources */ = {isa = PBXBuildFile; fileRef = 04A4EB322B4F603A00732154 /* SplashRouter.swift */; };
		04A4EB372B4F649600732154 /* SignUpView.swift in Sources */ = {isa = PBXBuildFile; fileRef = 04A4EB362B4F649600732154 /* SignUpView.swift */; };
		04A4EB3D2B4F653400732154 /* SignUpViewModel.swift in Sources */ = {isa = PBXBuildFile; fileRef = 04A4EB3C2B4F653400732154 /* SignUpViewModel.swift */; };
		04BBE06E2B4F46B100831A66 /* SplashViewModel.swift in Sources */ = {isa = PBXBuildFile; fileRef = 04BBE06D2B4F46B100831A66 /* SplashViewModel.swift */; };
/* End PBXBuildFile section */

/* Begin PBXFileReference section */
		041A36A92B43981B00BF1128 /* introducao.app */ = {isa = PBXFileReference; explicitFileType = wrapper.application; includeInIndex = 0; path = introducao.app; sourceTree = BUILT_PRODUCTS_DIR; };
		041A36AC2B43981B00BF1128 /* introducaoApp.swift */ = {isa = PBXFileReference; lastKnownFileType = sourcecode.swift; path = introducaoApp.swift; sourceTree = "<group>"; };
		041A36B02B43981D00BF1128 /* Assets.xcassets */ = {isa = PBXFileReference; lastKnownFileType = folder.assetcatalog; path = Assets.xcassets; sourceTree = "<group>"; };
		041A36B32B43981D00BF1128 /* Preview Assets.xcassets */ = {isa = PBXFileReference; lastKnownFileType = folder.assetcatalog; path = "Preview Assets.xcassets"; sourceTree = "<group>"; };
		0454E3C42B4CD2B6001840DB /* SplashView.swift */ = {isa = PBXFileReference; lastKnownFileType = sourcecode.swift; path = SplashView.swift; sourceTree = "<group>"; };
		0454E3C72B4CD3D6001840DB /* SplashUIState.swift */ = {isa = PBXFileReference; lastKnownFileType = sourcecode.swift; path = SplashUIState.swift; sourceTree = "<group>"; };
		04A4EB2E2B4F5D1D00732154 /* SignInView.swift */ = {isa = PBXFileReference; lastKnownFileType = sourcecode.swift; path = SignInView.swift; sourceTree = "<group>"; };
		04A4EB302B4F5D8C00732154 /* SignInViewModel.swift */ = {isa = PBXFileReference; lastKnownFileType = sourcecode.swift; path = SignInViewModel.swift; sourceTree = "<group>"; };
		04A4EB322B4F603A00732154 /* SplashRouter.swift */ = {isa = PBXFileReference; lastKnownFileType = sourcecode.swift; path = SplashRouter.swift; sourceTree = "<group>"; };
		04A4EB362B4F649600732154 /* SignUpView.swift */ = {isa = PBXFileReference; lastKnownFileType = sourcecode.swift; path = SignUpView.swift; sourceTree = "<group>"; };
		04A4EB3C2B4F653400732154 /* SignUpViewModel.swift */ = {isa = PBXFileReference; lastKnownFileType = sourcecode.swift; path = SignUpViewModel.swift; sourceTree = "<group>"; };
		04BBE06D2B4F46B100831A66 /* SplashViewModel.swift */ = {isa = PBXFileReference; lastKnownFileType = sourcecode.swift; path = SplashViewModel.swift; sourceTree = "<group>"; };
/* End PBXFileReference section */

/* Begin PBXFrameworksBuildPhase section */
		041A36A62B43981B00BF1128 /* Frameworks */ = {
			isa = PBXFrameworksBuildPhase;
			buildActionMask = 2147483647;
			files = (
			);
			runOnlyForDeploymentPostprocessing = 0;
		};
/* End PBXFrameworksBuildPhase section */

/* Begin PBXGroup section */
		041A36A02B43981A00BF1128 = {
			isa = PBXGroup;
			children = (
				041A36AB2B43981B00BF1128 /* introducao */,
				041A36AA2B43981B00BF1128 /* Products */,
			);
			sourceTree = "<group>";
		};
		041A36AA2B43981B00BF1128 /* Products */ = {
			isa = PBXGroup;
			children = (
				041A36A92B43981B00BF1128 /* introducao.app */,
			);
			name = Products;
			sourceTree = "<group>";
		};
		041A36AB2B43981B00BF1128 /* introducao */ = {
			isa = PBXGroup;
			children = (
				04A4EB342B4F646400732154 /* SignUp */,
				04A4EB2A2B4F5C9A00732154 /* SignIn */,
				0454E3C12B4CD1EB001840DB /* Splash */,
				041A36AC2B43981B00BF1128 /* introducaoApp.swift */,
				041A36B02B43981D00BF1128 /* Assets.xcassets */,
				041A36B22B43981D00BF1128 /* Preview Content */,
			);
			path = introducao;
			sourceTree = "<group>";
		};
		041A36B22B43981D00BF1128 /* Preview Content */ = {
			isa = PBXGroup;
			children = (
				041A36B32B43981D00BF1128 /* Preview Assets.xcassets */,
			);
			path = "Preview Content";
			sourceTree = "<group>";
		};
		0454E3C12B4CD1EB001840DB /* Splash */ = {
			isa = PBXGroup;
			children = (
				0454E3C32B4CD266001840DB /* View */,
				04BBE06C2B4F468C00831A66 /* ViewModel */,
				0454E3C22B4CD202001840DB /* Model */,
			);
			path = Splash;
			sourceTree = "<group>";
		};
		0454E3C22B4CD202001840DB /* Model */ = {
			isa = PBXGroup;
			children = (
				0454E3C72B4CD3D6001840DB /* SplashUIState.swift */,
			);
			path = Model;
			sourceTree = "<group>";
		};
		0454E3C32B4CD266001840DB /* View */ = {
			isa = PBXGroup;
			children = (
				0454E3C42B4CD2B6001840DB /* SplashView.swift */,
			);
			path = View;
			sourceTree = "<group>";
		};
		04A4EB2A2B4F5C9A00732154 /* SignIn */ = {
			isa = PBXGroup;
			children = (
				04A4EB2C2B4F5CB300732154 /* View */,
				04A4EB2D2B4F5CC300732154 /* ViewModel */,
				04A4EB2B2B4F5CAB00732154 /* Model */,
			);
			path = SignIn;
			sourceTree = "<group>";
		};
		04A4EB2B2B4F5CAB00732154 /* Model */ = {
			isa = PBXGroup;
			children = (
			);
			path = Model;
			sourceTree = "<group>";
		};
		04A4EB2C2B4F5CB300732154 /* View */ = {
			isa = PBXGroup;
			children = (
				04A4EB2E2B4F5D1D00732154 /* SignInView.swift */,
			);
			path = View;
			sourceTree = "<group>";
		};
		04A4EB2D2B4F5CC300732154 /* ViewModel */ = {
			isa = PBXGroup;
			children = (
				04A4EB302B4F5D8C00732154 /* SignInViewModel.swift */,
			);
			path = ViewModel;
			sourceTree = "<group>";
		};
		04A4EB342B4F646400732154 /* SignUp */ = {
			isa = PBXGroup;
			children = (
				04A4EB392B4F64DF00732154 /* Model */,
				04A4EB382B4F64C200732154 /* ViewModel */,
				04A4EB352B4F647000732154 /* View */,
			);
			path = SignUp;
			sourceTree = "<group>";
		};
		04A4EB352B4F647000732154 /* View */ = {
			isa = PBXGroup;
			children = (
				04A4EB362B4F649600732154 /* SignUpView.swift */,
			);
			path = View;
			sourceTree = "<group>";
		};
		04A4EB382B4F64C200732154 /* ViewModel */ = {
			isa = PBXGroup;
			children = (
				04A4EB3C2B4F653400732154 /* SignUpViewModel.swift */,
			);
			path = ViewModel;
			sourceTree = "<group>";
		};
		04A4EB392B4F64DF00732154 /* Model */ = {
			isa = PBXGroup;
			children = (
			);
			path = Model;
			sourceTree = "<group>";
		};
		04BBE06C2B4F468C00831A66 /* ViewModel */ = {
			isa = PBXGroup;
			children = (
				04BBE06D2B4F46B100831A66 /* SplashViewModel.swift */,
				04A4EB322B4F603A00732154 /* SplashRouter.swift */,
			);
			path = ViewModel;
			sourceTree = "<group>";
		};
/* End PBXGroup section */

/* Begin PBXNativeTarget section */
		041A36A82B43981B00BF1128 /* introducao */ = {
			isa = PBXNativeTarget;
			buildConfigurationList = 041A36B72B43981D00BF1128 /* Build configuration list for PBXNativeTarget "introducao" */;
			buildPhases = (
				041A36A52B43981B00BF1128 /* Sources */,
				041A36A62B43981B00BF1128 /* Frameworks */,
				041A36A72B43981B00BF1128 /* Resources */,
			);
			buildRules = (
			);
			dependencies = (
			);
			name = introducao;
			productName = introducao;
			productReference = 041A36A92B43981B00BF1128 /* introducao.app */;
			productType = "com.apple.product-type.application";
		};
/* End PBXNativeTarget section */

/* Begin PBXProject section */
		041A36A12B43981A00BF1128 /* Project object */ = {
			isa = PBXProject;
			attributes = {
				BuildIndependentTargetsInParallel = 1;
				LastSwiftUpdateCheck = 1420;
				LastUpgradeCheck = 1420;
				TargetAttributes = {
					041A36A82B43981B00BF1128 = {
						CreatedOnToolsVersion = 14.2;
					};
				};
			};
			buildConfigurationList = 041A36A42B43981A00BF1128 /* Build configuration list for PBXProject "introducao" */;
			compatibilityVersion = "Xcode 14.0";
			developmentRegion = en;
			hasScannedForEncodings = 0;
			knownRegions = (
				en,
				Base,
			);
			mainGroup = 041A36A02B43981A00BF1128;
			productRefGroup = 041A36AA2B43981B00BF1128 /* Products */;
			projectDirPath = "";
			projectRoot = "";
			targets = (
				041A36A82B43981B00BF1128 /* introducao */,
			);
		};
/* End PBXProject section */

/* Begin PBXResourcesBuildPhase section */
		041A36A72B43981B00BF1128 /* Resources */ = {
			isa = PBXResourcesBuildPhase;
			buildActionMask = 2147483647;
			files = (
				041A36B42B43981D00BF1128 /* Preview Assets.xcassets in Resources */,
				041A36B12B43981D00BF1128 /* Assets.xcassets in Resources */,
			);
			runOnlyForDeploymentPostprocessing = 0;
		};
/* End PBXResourcesBuildPhase section */

/* Begin PBXSourcesBuildPhase section */
		041A36A52B43981B00BF1128 /* Sources */ = {
			isa = PBXSourcesBuildPhase;
			buildActionMask = 2147483647;
			files = (
				0454E3C82B4CD3D6001840DB /* SplashUIState.swift in Sources */,
				041A36AD2B43981B00BF1128 /* introducaoApp.swift in Sources */,
				04A4EB332B4F603A00732154 /* SplashRouter.swift in Sources */,
				04A4EB312B4F5D8C00732154 /* SignInViewModel.swift in Sources */,
				04A4EB3D2B4F653400732154 /* SignUpViewModel.swift in Sources */,
				04A4EB372B4F649600732154 /* SignUpView.swift in Sources */,
				0454E3C52B4CD2B6001840DB /* SplashView.swift in Sources */,
				04BBE06E2B4F46B100831A66 /* SplashViewModel.swift in Sources */,
				04A4EB2F2B4F5D1D00732154 /* SignInView.swift in Sources */,
			);
			runOnlyForDeploymentPostprocessing = 0;
		};
/* End PBXSourcesBuildPhase section */

/* Begin XCBuildConfiguration section */
		041A36B52B43981D00BF1128 /* Debug */ = {
			isa = XCBuildConfiguration;
			buildSettings = {
				ALWAYS_SEARCH_USER_PATHS = NO;
				CLANG_ANALYZER_NONNULL = YES;
				CLANG_ANALYZER_NUMBER_OBJECT_CONVERSION = YES_AGGRESSIVE;
				CLANG_CXX_LANGUAGE_STANDARD = "gnu++20";
				CLANG_ENABLE_MODULES = YES;
				CLANG_ENABLE_OBJC_ARC = YES;
				CLANG_ENABLE_OBJC_WEAK = YES;
				CLANG_WARN_BLOCK_CAPTURE_AUTORELEASING = YES;
				CLANG_WARN_BOOL_CONVERSION = YES;
				CLANG_WARN_COMMA = YES;
				CLANG_WARN_CONSTANT_CONVERSION = YES;
				CLANG_WARN_DEPRECATED_OBJC_IMPLEMENTATIONS = YES;
				CLANG_WARN_DIRECT_OBJC_ISA_USAGE = YES_ERROR;
				CLANG_WARN_DOCUMENTATION_COMMENTS = YES;
				CLANG_WARN_EMPTY_BODY = YES;
				CLANG_WARN_ENUM_CONVERSION = YES;
				CLANG_WARN_INFINITE_RECURSION = YES;
				CLANG_WARN_INT_CONVERSION = YES;
				CLANG_WARN_NON_LITERAL_NULL_CONVERSION = YES;
				CLANG_WARN_OBJC_IMPLICIT_RETAIN_SELF = YES;
				CLANG_WARN_OBJC_LITERAL_CONVERSION = YES;
				CLANG_WARN_OBJC_ROOT_CLASS = YES_ERROR;
				CLANG_WARN_QUOTED_INCLUDE_IN_FRAMEWORK_HEADER = YES;
				CLANG_WARN_RANGE_LOOP_ANALYSIS = YES;
				CLANG_WARN_STRICT_PROTOTYPES = YES;
				CLANG_WARN_SUSPICIOUS_MOVE = YES;
				CLANG_WARN_UNGUARDED_AVAILABILITY = YES_AGGRESSIVE;
				CLANG_WARN_UNREACHABLE_CODE = YES;
				CLANG_WARN__DUPLICATE_METHOD_MATCH = YES;
				COPY_PHASE_STRIP = NO;
				DEBUG_INFORMATION_FORMAT = dwarf;
				ENABLE_STRICT_OBJC_MSGSEND = YES;
				ENABLE_TESTABILITY = YES;
				GCC_C_LANGUAGE_STANDARD = gnu11;
				GCC_DYNAMIC_NO_PIC = NO;
				GCC_NO_COMMON_BLOCKS = YES;
				GCC_OPTIMIZATION_LEVEL = 0;
				GCC_PREPROCESSOR_DEFINITIONS = (
					"DEBUG=1",
					"$(inherited)",
				);
				GCC_WARN_64_TO_32_BIT_CONVERSION = YES;
				GCC_WARN_ABOUT_RETURN_TYPE = YES_ERROR;
				GCC_WARN_UNDECLARED_SELECTOR = YES;
				GCC_WARN_UNINITIALIZED_AUTOS = YES_AGGRESSIVE;
				GCC_WARN_UNUSED_FUNCTION = YES;
				GCC_WARN_UNUSED_VARIABLE = YES;
				IPHONEOS_DEPLOYMENT_TARGET = 16.2;
				MTL_ENABLE_DEBUG_INFO = INCLUDE_SOURCE;
				MTL_FAST_MATH = YES;
				ONLY_ACTIVE_ARCH = YES;
				SDKROOT = iphoneos;
				SWIFT_ACTIVE_COMPILATION_CONDITIONS = DEBUG;
				SWIFT_OPTIMIZATION_LEVEL = "-Onone";
			};
			name = Debug;
		};
		041A36B62B43981D00BF1128 /* Release */ = {
			isa = XCBuildConfiguration;
			buildSettings = {
				ALWAYS_SEARCH_USER_PATHS = NO;
				CLANG_ANALYZER_NONNULL = YES;
				CLANG_ANALYZER_NUMBER_OBJECT_CONVERSION = YES_AGGRESSIVE;
				CLANG_CXX_LANGUAGE_STANDARD = "gnu++20";
				CLANG_ENABLE_MODULES = YES;
				CLANG_ENABLE_OBJC_ARC = YES;
				CLANG_ENABLE_OBJC_WEAK = YES;
				CLANG_WARN_BLOCK_CAPTURE_AUTORELEASING = YES;
				CLANG_WARN_BOOL_CONVERSION = YES;
				CLANG_WARN_COMMA = YES;
				CLANG_WARN_CONSTANT_CONVERSION = YES;
				CLANG_WARN_DEPRECATED_OBJC_IMPLEMENTATIONS = YES;
				CLANG_WARN_DIRECT_OBJC_ISA_USAGE = YES_ERROR;
				CLANG_WARN_DOCUMENTATION_COMMENTS = YES;
				CLANG_WARN_EMPTY_BODY = YES;
				CLANG_WARN_ENUM_CONVERSION = YES;
				CLANG_WARN_INFINITE_RECURSION = YES;
				CLANG_WARN_INT_CONVERSION = YES;
				CLANG_WARN_NON_LITERAL_NULL_CONVERSION = YES;
				CLANG_WARN_OBJC_IMPLICIT_RETAIN_SELF = YES;
				CLANG_WARN_OBJC_LITERAL_CONVERSION = YES;
				CLANG_WARN_OBJC_ROOT_CLASS = YES_ERROR;
				CLANG_WARN_QUOTED_INCLUDE_IN_FRAMEWORK_HEADER = YES;
				CLANG_WARN_RANGE_LOOP_ANALYSIS = YES;
				CLANG_WARN_STRICT_PROTOTYPES = YES;
				CLANG_WARN_SUSPICIOUS_MOVE = YES;
				CLANG_WARN_UNGUARDED_AVAILABILITY = YES_AGGRESSIVE;
				CLANG_WARN_UNREACHABLE_CODE = YES;
				CLANG_WARN__DUPLICATE_METHOD_MATCH = YES;
				COPY_PHASE_STRIP = NO;
				DEBUG_INFORMATION_FORMAT = "dwarf-with-dsym";
				ENABLE_NS_ASSERTIONS = NO;
				ENABLE_STRICT_OBJC_MSGSEND = YES;
				GCC_C_LANGUAGE_STANDARD = gnu11;
				GCC_NO_COMMON_BLOCKS = YES;
				GCC_WARN_64_TO_32_BIT_CONVERSION = YES;
				GCC_WARN_ABOUT_RETURN_TYPE = YES_ERROR;
				GCC_WARN_UNDECLARED_SELECTOR = YES;
				GCC_WARN_UNINITIALIZED_AUTOS = YES_AGGRESSIVE;
				GCC_WARN_UNUSED_FUNCTION = YES;
				GCC_WARN_UNUSED_VARIABLE = YES;
				IPHONEOS_DEPLOYMENT_TARGET = 16.2;
				MTL_ENABLE_DEBUG_INFO = NO;
				MTL_FAST_MATH = YES;
				SDKROOT = iphoneos;
				SWIFT_COMPILATION_MODE = wholemodule;
				SWIFT_OPTIMIZATION_LEVEL = "-O";
				VALIDATE_PRODUCT = YES;
			};
			name = Release;
		};
		041A36B82B43981D00BF1128 /* Debug */ = {
			isa = XCBuildConfiguration;
			buildSettings = {
				ASSETCATALOG_COMPILER_APPICON_NAME = AppIcon;
				ASSETCATALOG_COMPILER_GLOBAL_ACCENT_COLOR_NAME = AccentColor;
				CODE_SIGN_STYLE = Automatic;
				CURRENT_PROJECT_VERSION = 1;
				DEVELOPMENT_ASSET_PATHS = "\"introducao/Preview Content\"";
				ENABLE_PREVIEWS = YES;
				GENERATE_INFOPLIST_FILE = YES;
				INFOPLIST_KEY_UIApplicationSceneManifest_Generation = YES;
				INFOPLIST_KEY_UIApplicationSupportsIndirectInputEvents = YES;
				INFOPLIST_KEY_UILaunchScreen_Generation = YES;
				INFOPLIST_KEY_UISupportedInterfaceOrientations_iPad = "UIInterfaceOrientationPortrait UIInterfaceOrientationPortraitUpsideDown UIInterfaceOrientationLandscapeLeft UIInterfaceOrientationLandscapeRight";
				INFOPLIST_KEY_UISupportedInterfaceOrientations_iPhone = "UIInterfaceOrientationPortrait UIInterfaceOrientationLandscapeLeft UIInterfaceOrientationLandscapeRight";
				IPHONEOS_DEPLOYMENT_TARGET = 14.0;
				LD_RUNPATH_SEARCH_PATHS = (
					"$(inherited)",
					"@executable_path/Frameworks",
				);
				MARKETING_VERSION = 1.0;
				PRODUCT_BUNDLE_IDENTIFIER = angelilton.introducao;
				PRODUCT_NAME = "$(TARGET_NAME)";
				SWIFT_EMIT_LOC_STRINGS = YES;
				SWIFT_VERSION = 5.0;
				TARGETED_DEVICE_FAMILY = "1,2";
			};
			name = Debug;
		};
		041A36B92B43981D00BF1128 /* Release */ = {
			isa = XCBuildConfiguration;
			buildSettings = {
				ASSETCATALOG_COMPILER_APPICON_NAME = AppIcon;
				ASSETCATALOG_COMPILER_GLOBAL_ACCENT_COLOR_NAME = AccentColor;
				CODE_SIGN_STYLE = Automatic;
				CURRENT_PROJECT_VERSION = 1;
				DEVELOPMENT_ASSET_PATHS = "\"introducao/Preview Content\"";
				ENABLE_PREVIEWS = YES;
				GENERATE_INFOPLIST_FILE = YES;
				INFOPLIST_KEY_UIApplicationSceneManifest_Generation = YES;
				INFOPLIST_KEY_UIApplicationSupportsIndirectInputEvents = YES;
				INFOPLIST_KEY_UILaunchScreen_Generation = YES;
				INFOPLIST_KEY_UISupportedInterfaceOrientations_iPad = "UIInterfaceOrientationPortrait UIInterfaceOrientationPortraitUpsideDown UIInterfaceOrientationLandscapeLeft UIInterfaceOrientationLandscapeRight";
				INFOPLIST_KEY_UISupportedInterfaceOrientations_iPhone = "UIInterfaceOrientationPortrait UIInterfaceOrientationLandscapeLeft UIInterfaceOrientationLandscapeRight";
				IPHONEOS_DEPLOYMENT_TARGET = 14.0;
				LD_RUNPATH_SEARCH_PATHS = (
					"$(inherited)",
					"@executable_path/Frameworks",
				);
				MARKETING_VERSION = 1.0;
				PRODUCT_BUNDLE_IDENTIFIER = angelilton.introducao;
				PRODUCT_NAME = "$(TARGET_NAME)";
				SWIFT_EMIT_LOC_STRINGS = YES;
				SWIFT_VERSION = 5.0;
				TARGETED_DEVICE_FAMILY = "1,2";
			};
			name = Release;
		};
/* End XCBuildConfiguration section */

/* Begin XCConfigurationList section */
		041A36A42B43981A00BF1128 /* Build configuration list for PBXProject "introducao" */ = {
			isa = XCConfigurationList;
			buildConfigurations = (
				041A36B52B43981D00BF1128 /* Debug */,
				041A36B62B43981D00BF1128 /* Release */,
			);
			defaultConfigurationIsVisible = 0;
			defaultConfigurationName = Release;
		};
		041A36B72B43981D00BF1128 /* Build configuration list for PBXNativeTarget "introducao" */ = {
			isa = XCConfigurationList;
			buildConfigurations = (
				041A36B82B43981D00BF1128 /* Debug */,
				041A36B92B43981D00BF1128 /* Release */,
			);
			defaultConfigurationIsVisible = 0;
			defaultConfigurationName = Release;
		};
/* End XCConfigurationList section */
	};
	rootObject = 041A36A12B43981A00BF1128 /* Project object */;
}
