// !$*UTF8*$!
{
	archiveVersion = 1;
	classes = {
	};
	objectVersion = 56;
	objects = {

/* Begin PBXBuildFile section */
		0400D7EC2B5B1DD400425579 /* CustomTextField.swift in Sources */ = {isa = PBXBuildFile; fileRef = 0400D7EB2B5B1DD400425579 /* CustomTextField.swift */; };
		0400D7EE2B5B207700425579 /* EditTextView.swift in Sources */ = {isa = PBXBuildFile; fileRef = 0400D7ED2B5B207700425579 /* EditTextView.swift */; };
		0414C2042B7AE82200F7562D /* UserAuth.swift in Sources */ = {isa = PBXBuildFile; fileRef = 0414C2032B7AE82200F7562D /* UserAuth.swift */; };
		0414C2062B7AED3800F7562D /* LocalDataSource.swift in Sources */ = {isa = PBXBuildFile; fileRef = 0414C2052B7AED3800F7562D /* LocalDataSource.swift */; };
		0414C2092B7B0AE100F7562D /* SplashInteractor.swift in Sources */ = {isa = PBXBuildFile; fileRef = 0414C2082B7B0AE100F7562D /* SplashInteractor.swift */; };
		041A36AD2B43981B00BF1128 /* introducaoApp.swift in Sources */ = {isa = PBXBuildFile; fileRef = 041A36AC2B43981B00BF1128 /* introducaoApp.swift */; };
		041A36B12B43981D00BF1128 /* Assets.xcassets in Resources */ = {isa = PBXBuildFile; fileRef = 041A36B02B43981D00BF1128 /* Assets.xcassets */; };
		041A36B42B43981D00BF1128 /* Preview Assets.xcassets in Resources */ = {isa = PBXBuildFile; fileRef = 041A36B32B43981D00BF1128 /* Preview Assets.xcassets */; };
		0454E3C52B4CD2B6001840DB /* SplashView.swift in Sources */ = {isa = PBXBuildFile; fileRef = 0454E3C42B4CD2B6001840DB /* SplashView.swift */; };
		0454E3C82B4CD3D6001840DB /* SplashUIState.swift in Sources */ = {isa = PBXBuildFile; fileRef = 0454E3C72B4CD3D6001840DB /* SplashUIState.swift */; };
		045A788C2B77F20900BFA089 /* LoginInteractor.swift in Sources */ = {isa = PBXBuildFile; fileRef = 045A788B2B77F20900BFA089 /* LoginInteractor.swift */; };
		045A788E2B77FA7700BFA089 /* LoginRemoteDataSource.swift in Sources */ = {isa = PBXBuildFile; fileRef = 045A788D2B77FA7700BFA089 /* LoginRemoteDataSource.swift */; };
		045A78902B78190600BFA089 /* AppError.swift in Sources */ = {isa = PBXBuildFile; fileRef = 045A788F2B78190600BFA089 /* AppError.swift */; };
		046D9C722B55B7E70018A79B /* SignUpUIState.swift in Sources */ = {isa = PBXBuildFile; fileRef = 046D9C712B55B7E70018A79B /* SignUpUIState.swift */; };
		046D9C742B55B95A0018A79B /* SiginUpRouter.swift in Sources */ = {isa = PBXBuildFile; fileRef = 046D9C732B55B95A0018A79B /* SiginUpRouter.swift */; };
		0471586C2BF3AFBB00538468 /* ProfileResponse.swift in Sources */ = {isa = PBXBuildFile; fileRef = 0471586B2BF3AFBB00538468 /* ProfileResponse.swift */; };
		0471586F2BF3B2DA00538468 /* ProfileRemoteDataSource.swift in Sources */ = {isa = PBXBuildFile; fileRef = 0471586E2BF3B2DA00538468 /* ProfileRemoteDataSource.swift */; };
		048E1C462B83D4FC007DE519 /* homeRouter.swift in Sources */ = {isa = PBXBuildFile; fileRef = 048E1C452B83D4FC007DE519 /* homeRouter.swift */; };
		048E1C4C2B83D662007DE519 /* HabitView.swift in Sources */ = {isa = PBXBuildFile; fileRef = 048E1C4B2B83D662007DE519 /* HabitView.swift */; };
		048E1C4E2B83D6F6007DE519 /* HabitViewModel.swift in Sources */ = {isa = PBXBuildFile; fileRef = 048E1C4D2B83D6F6007DE519 /* HabitViewModel.swift */; };
		048E1C502B83D746007DE519 /* HabitUIState.swift in Sources */ = {isa = PBXBuildFile; fileRef = 048E1C4F2B83D746007DE519 /* HabitUIState.swift */; };
		04A156832B5C488400E7CA6F /* String+Extension.swift in Sources */ = {isa = PBXBuildFile; fileRef = 04A156822B5C488400E7CA6F /* String+Extension.swift */; };
		04A156852B5C604E00E7CA6F /* LoadingButtonView.swift in Sources */ = {isa = PBXBuildFile; fileRef = 04A156842B5C604E00E7CA6F /* LoadingButtonView.swift */; };
		04A4EB2F2B4F5D1D00732154 /* SignInView.swift in Sources */ = {isa = PBXBuildFile; fileRef = 04A4EB2E2B4F5D1D00732154 /* SignInView.swift */; };
		04A4EB312B4F5D8C00732154 /* SignInViewModel.swift in Sources */ = {isa = PBXBuildFile; fileRef = 04A4EB302B4F5D8C00732154 /* SignInViewModel.swift */; };
		04A4EB332B4F603A00732154 /* SplashRouter.swift in Sources */ = {isa = PBXBuildFile; fileRef = 04A4EB322B4F603A00732154 /* SplashRouter.swift */; };
		04A4EB372B4F649600732154 /* SignUpView.swift in Sources */ = {isa = PBXBuildFile; fileRef = 04A4EB362B4F649600732154 /* SignUpView.swift */; };
		04A4EB3D2B4F653400732154 /* SignUpViewModel.swift in Sources */ = {isa = PBXBuildFile; fileRef = 04A4EB3C2B4F653400732154 /* SignUpViewModel.swift */; };
		04A8D55A2B6024E1009F44E4 /* WebService.swift in Sources */ = {isa = PBXBuildFile; fileRef = 04A8D5592B6024E1009F44E4 /* WebService.swift */; };
		04A8D55C2B60475A009F44E4 /* RegisterSubmit.swift in Sources */ = {isa = PBXBuildFile; fileRef = 04A8D55B2B60475A009F44E4 /* RegisterSubmit.swift */; };
		04A8D55E2B618B19009F44E4 /* ErrorResponse.swift in Sources */ = {isa = PBXBuildFile; fileRef = 04A8D55D2B618B19009F44E4 /* ErrorResponse.swift */; };
		04A8D5602B61C24E009F44E4 /* LoginRequest.swift in Sources */ = {isa = PBXBuildFile; fileRef = 04A8D55F2B61C24E009F44E4 /* LoginRequest.swift */; };
		04A8D5622B61C68D009F44E4 /* LoginResponse.swift in Sources */ = {isa = PBXBuildFile; fileRef = 04A8D5612B61C68D009F44E4 /* LoginResponse.swift */; };
		04A8D5642B62E853009F44E4 /* LoginErrorResponse.swift in Sources */ = {isa = PBXBuildFile; fileRef = 04A8D5632B62E853009F44E4 /* LoginErrorResponse.swift */; };
		04BBE06E2B4F46B100831A66 /* SplashViewModel.swift in Sources */ = {isa = PBXBuildFile; fileRef = 04BBE06D2B4F46B100831A66 /* SplashViewModel.swift */; };
		04C6B3952B79A0180029FF6A /* SignUpInteractor.swift in Sources */ = {isa = PBXBuildFile; fileRef = 04C6B3942B79A0180029FF6A /* SignUpInteractor.swift */; };
		04C6B3972B79A04F0029FF6A /* SignUpRemoteDataSource.swift in Sources */ = {isa = PBXBuildFile; fileRef = 04C6B3962B79A04F0029FF6A /* SignUpRemoteDataSource.swift */; };
		04C91CE82BC72CC90048D1B4 /* HabitResponse.swift in Sources */ = {isa = PBXBuildFile; fileRef = 04C91CE72BC72CC90048D1B4 /* HabitResponse.swift */; };
		04C91CEB2BC739250048D1B4 /* HabitRemoteDataSource.swift in Sources */ = {isa = PBXBuildFile; fileRef = 04C91CEA2BC739250048D1B4 /* HabitRemoteDataSource.swift */; };
		04C91CED2BC7407B0048D1B4 /* HabitInteractor.swift in Sources */ = {isa = PBXBuildFile; fileRef = 04C91CEC2BC7407B0048D1B4 /* HabitInteractor.swift */; };
		04C91CEF2BC87EDB0048D1B4 /* Date+Extension.swift in Sources */ = {isa = PBXBuildFile; fileRef = 04C91CEE2BC87EDB0048D1B4 /* Date+Extension.swift */; };
		04C91CF52BD085B00048D1B4 /* HabitDetailUIState.swift in Sources */ = {isa = PBXBuildFile; fileRef = 04C91CF42BD085B00048D1B4 /* HabitDetailUIState.swift */; };
		04C91CF72BD086A40048D1B4 /* HabitDetailView.swift in Sources */ = {isa = PBXBuildFile; fileRef = 04C91CF62BD086A40048D1B4 /* HabitDetailView.swift */; };
		04C91CF92BD0882A0048D1B4 /* HabitDetailViewModel.swift in Sources */ = {isa = PBXBuildFile; fileRef = 04C91CF82BD0882A0048D1B4 /* HabitDetailViewModel.swift */; };
		04C91CFB2BD097A40048D1B4 /* HabitCardViewRouter.swift in Sources */ = {isa = PBXBuildFile; fileRef = 04C91CFA2BD097A40048D1B4 /* HabitCardViewRouter.swift */; };
		04C91CFE2BD1D8B20048D1B4 /* HabitDetailRemoteDataSource.swift in Sources */ = {isa = PBXBuildFile; fileRef = 04C91CFD2BD1D8B20048D1B4 /* HabitDetailRemoteDataSource.swift */; };
		04C91D002BD1D9A50048D1B4 /* HabitValueRequest.swift in Sources */ = {isa = PBXBuildFile; fileRef = 04C91CFF2BD1D9A50048D1B4 /* HabitValueRequest.swift */; };
		04C91D022BD1DC960048D1B4 /* HabitDetailInteractor.swift in Sources */ = {isa = PBXBuildFile; fileRef = 04C91D012BD1DC960048D1B4 /* HabitDetailInteractor.swift */; };
		04C91D042BD4AA080048D1B4 /* ImageView.swift in Sources */ = {isa = PBXBuildFile; fileRef = 04C91D032BD4AA080048D1B4 /* ImageView.swift */; };
		04D9ECA72BEFEED800EE1BD2 /* ProfileView.swift in Sources */ = {isa = PBXBuildFile; fileRef = 04D9ECA62BEFEED800EE1BD2 /* ProfileView.swift */; };
		04D9ECA92BEFFD8F00EE1BD2 /* GenderSelectorView.swift in Sources */ = {isa = PBXBuildFile; fileRef = 04D9ECA82BEFFD8F00EE1BD2 /* GenderSelectorView.swift */; };
		04D9ECAB2BF183F200EE1BD2 /* ProfileViewModel.swift in Sources */ = {isa = PBXBuildFile; fileRef = 04D9ECAA2BF183F200EE1BD2 /* ProfileViewModel.swift */; };
		04E823FA2B5453770008AEFD /* SignInUIState.swift in Sources */ = {isa = PBXBuildFile; fileRef = 04E823F92B5453770008AEFD /* SignInUIState.swift */; };
		04E823FC2B545F480008AEFD /* SignInRouter.swift in Sources */ = {isa = PBXBuildFile; fileRef = 04E823FB2B545F480008AEFD /* SignInRouter.swift */; };
		04E824022B5466090008AEFD /* HomeView.swift in Sources */ = {isa = PBXBuildFile; fileRef = 04E824012B5466090008AEFD /* HomeView.swift */; };
		04E824042B546B200008AEFD /* HomeViewModel.swift in Sources */ = {isa = PBXBuildFile; fileRef = 04E824032B546B200008AEFD /* HomeViewModel.swift */; };
		04E824082B54BBD70008AEFD /* Gender.swift in Sources */ = {isa = PBXBuildFile; fileRef = 04E824072B54BBD70008AEFD /* Gender.swift */; };
		04EB97B82B8AC67E002BF146 /* ButtonStyle.swift in Sources */ = {isa = PBXBuildFile; fileRef = 04EB97B72B8AC67E002BF146 /* ButtonStyle.swift */; };
		04EB97BA2B8ADA81002BF146 /* HabitCardViewModel.swift in Sources */ = {isa = PBXBuildFile; fileRef = 04EB97B92B8ADA81002BF146 /* HabitCardViewModel.swift */; };
		04EB97BE2B8AE614002BF146 /* HabitCardView.swift in Sources */ = {isa = PBXBuildFile; fileRef = 04EB97BD2B8AE614002BF146 /* HabitCardView.swift */; };
		04EF24A92BF3D60D004CFCF3 /* ProfileInteractor.swift in Sources */ = {isa = PBXBuildFile; fileRef = 04EF24A82BF3D60D004CFCF3 /* ProfileInteractor.swift */; };
		04EF24AB2BF3D81C004CFCF3 /* ProfileUIState.swift in Sources */ = {isa = PBXBuildFile; fileRef = 04EF24AA2BF3D81C004CFCF3 /* ProfileUIState.swift */; };
/* End PBXBuildFile section */

/* Begin PBXFileReference section */
		0400D7EB2B5B1DD400425579 /* CustomTextField.swift */ = {isa = PBXFileReference; lastKnownFileType = sourcecode.swift; path = CustomTextField.swift; sourceTree = "<group>"; };
		0400D7ED2B5B207700425579 /* EditTextView.swift */ = {isa = PBXFileReference; lastKnownFileType = sourcecode.swift; path = EditTextView.swift; sourceTree = "<group>"; };
		0414C2032B7AE82200F7562D /* UserAuth.swift */ = {isa = PBXFileReference; lastKnownFileType = sourcecode.swift; path = UserAuth.swift; sourceTree = "<group>"; };
		0414C2052B7AED3800F7562D /* LocalDataSource.swift */ = {isa = PBXFileReference; lastKnownFileType = sourcecode.swift; path = LocalDataSource.swift; sourceTree = "<group>"; };
		0414C2082B7B0AE100F7562D /* SplashInteractor.swift */ = {isa = PBXFileReference; lastKnownFileType = sourcecode.swift; path = SplashInteractor.swift; sourceTree = "<group>"; };
		041A36A92B43981B00BF1128 /* introducao.app */ = {isa = PBXFileReference; explicitFileType = wrapper.application; includeInIndex = 0; path = introducao.app; sourceTree = BUILT_PRODUCTS_DIR; };
		041A36AC2B43981B00BF1128 /* introducaoApp.swift */ = {isa = PBXFileReference; lastKnownFileType = sourcecode.swift; path = introducaoApp.swift; sourceTree = "<group>"; };
		041A36B02B43981D00BF1128 /* Assets.xcassets */ = {isa = PBXFileReference; lastKnownFileType = folder.assetcatalog; path = Assets.xcassets; sourceTree = "<group>"; };
		041A36B32B43981D00BF1128 /* Preview Assets.xcassets */ = {isa = PBXFileReference; lastKnownFileType = folder.assetcatalog; path = "Preview Assets.xcassets"; sourceTree = "<group>"; };
		0454E3C42B4CD2B6001840DB /* SplashView.swift */ = {isa = PBXFileReference; lastKnownFileType = sourcecode.swift; path = SplashView.swift; sourceTree = "<group>"; };
		0454E3C72B4CD3D6001840DB /* SplashUIState.swift */ = {isa = PBXFileReference; lastKnownFileType = sourcecode.swift; path = SplashUIState.swift; sourceTree = "<group>"; };
		045A788B2B77F20900BFA089 /* LoginInteractor.swift */ = {isa = PBXFileReference; lastKnownFileType = sourcecode.swift; path = LoginInteractor.swift; sourceTree = "<group>"; };
		045A788D2B77FA7700BFA089 /* LoginRemoteDataSource.swift */ = {isa = PBXFileReference; lastKnownFileType = sourcecode.swift; path = LoginRemoteDataSource.swift; sourceTree = "<group>"; };
		045A788F2B78190600BFA089 /* AppError.swift */ = {isa = PBXFileReference; lastKnownFileType = sourcecode.swift; path = AppError.swift; sourceTree = "<group>"; };
		046D9C712B55B7E70018A79B /* SignUpUIState.swift */ = {isa = PBXFileReference; lastKnownFileType = sourcecode.swift; path = SignUpUIState.swift; sourceTree = "<group>"; };
		046D9C732B55B95A0018A79B /* SiginUpRouter.swift */ = {isa = PBXFileReference; lastKnownFileType = sourcecode.swift; path = SiginUpRouter.swift; sourceTree = "<group>"; };
		0471586B2BF3AFBB00538468 /* ProfileResponse.swift */ = {isa = PBXFileReference; lastKnownFileType = sourcecode.swift; path = ProfileResponse.swift; sourceTree = "<group>"; };
		0471586E2BF3B2DA00538468 /* ProfileRemoteDataSource.swift */ = {isa = PBXFileReference; lastKnownFileType = sourcecode.swift; path = ProfileRemoteDataSource.swift; sourceTree = "<group>"; };
		048E1C452B83D4FC007DE519 /* homeRouter.swift */ = {isa = PBXFileReference; lastKnownFileType = sourcecode.swift; path = homeRouter.swift; sourceTree = "<group>"; };
		048E1C4B2B83D662007DE519 /* HabitView.swift */ = {isa = PBXFileReference; lastKnownFileType = sourcecode.swift; path = HabitView.swift; sourceTree = "<group>"; };
		048E1C4D2B83D6F6007DE519 /* HabitViewModel.swift */ = {isa = PBXFileReference; lastKnownFileType = sourcecode.swift; path = HabitViewModel.swift; sourceTree = "<group>"; };
		048E1C4F2B83D746007DE519 /* HabitUIState.swift */ = {isa = PBXFileReference; lastKnownFileType = sourcecode.swift; path = HabitUIState.swift; sourceTree = "<group>"; };
		04A156822B5C488400E7CA6F /* String+Extension.swift */ = {isa = PBXFileReference; lastKnownFileType = sourcecode.swift; path = "String+Extension.swift"; sourceTree = "<group>"; };
		04A156842B5C604E00E7CA6F /* LoadingButtonView.swift */ = {isa = PBXFileReference; lastKnownFileType = sourcecode.swift; path = LoadingButtonView.swift; sourceTree = "<group>"; };
		04A4EB2E2B4F5D1D00732154 /* SignInView.swift */ = {isa = PBXFileReference; lastKnownFileType = sourcecode.swift; path = SignInView.swift; sourceTree = "<group>"; };
		04A4EB302B4F5D8C00732154 /* SignInViewModel.swift */ = {isa = PBXFileReference; lastKnownFileType = sourcecode.swift; path = SignInViewModel.swift; sourceTree = "<group>"; };
		04A4EB322B4F603A00732154 /* SplashRouter.swift */ = {isa = PBXFileReference; lastKnownFileType = sourcecode.swift; path = SplashRouter.swift; sourceTree = "<group>"; };
		04A4EB362B4F649600732154 /* SignUpView.swift */ = {isa = PBXFileReference; lastKnownFileType = sourcecode.swift; path = SignUpView.swift; sourceTree = "<group>"; };
		04A4EB3C2B4F653400732154 /* SignUpViewModel.swift */ = {isa = PBXFileReference; lastKnownFileType = sourcecode.swift; path = SignUpViewModel.swift; sourceTree = "<group>"; };
		04A8D5592B6024E1009F44E4 /* WebService.swift */ = {isa = PBXFileReference; lastKnownFileType = sourcecode.swift; path = WebService.swift; sourceTree = "<group>"; };
		04A8D55B2B60475A009F44E4 /* RegisterSubmit.swift */ = {isa = PBXFileReference; lastKnownFileType = sourcecode.swift; path = RegisterSubmit.swift; sourceTree = "<group>"; };
		04A8D55D2B618B19009F44E4 /* ErrorResponse.swift */ = {isa = PBXFileReference; lastKnownFileType = sourcecode.swift; path = ErrorResponse.swift; sourceTree = "<group>"; };
		04A8D55F2B61C24E009F44E4 /* LoginRequest.swift */ = {isa = PBXFileReference; lastKnownFileType = sourcecode.swift; path = LoginRequest.swift; sourceTree = "<group>"; };
		04A8D5612B61C68D009F44E4 /* LoginResponse.swift */ = {isa = PBXFileReference; lastKnownFileType = sourcecode.swift; path = LoginResponse.swift; sourceTree = "<group>"; };
		04A8D5632B62E853009F44E4 /* LoginErrorResponse.swift */ = {isa = PBXFileReference; lastKnownFileType = sourcecode.swift; path = LoginErrorResponse.swift; sourceTree = "<group>"; };
		04BBE06D2B4F46B100831A66 /* SplashViewModel.swift */ = {isa = PBXFileReference; lastKnownFileType = sourcecode.swift; path = SplashViewModel.swift; sourceTree = "<group>"; };
		04C6B3942B79A0180029FF6A /* SignUpInteractor.swift */ = {isa = PBXFileReference; lastKnownFileType = sourcecode.swift; path = SignUpInteractor.swift; sourceTree = "<group>"; };
		04C6B3962B79A04F0029FF6A /* SignUpRemoteDataSource.swift */ = {isa = PBXFileReference; lastKnownFileType = sourcecode.swift; path = SignUpRemoteDataSource.swift; sourceTree = "<group>"; };
		04C91CE72BC72CC90048D1B4 /* HabitResponse.swift */ = {isa = PBXFileReference; lastKnownFileType = sourcecode.swift; path = HabitResponse.swift; sourceTree = "<group>"; };
		04C91CEA2BC739250048D1B4 /* HabitRemoteDataSource.swift */ = {isa = PBXFileReference; lastKnownFileType = sourcecode.swift; path = HabitRemoteDataSource.swift; sourceTree = "<group>"; };
		04C91CEC2BC7407B0048D1B4 /* HabitInteractor.swift */ = {isa = PBXFileReference; lastKnownFileType = sourcecode.swift; path = HabitInteractor.swift; sourceTree = "<group>"; };
		04C91CEE2BC87EDB0048D1B4 /* Date+Extension.swift */ = {isa = PBXFileReference; lastKnownFileType = sourcecode.swift; path = "Date+Extension.swift"; sourceTree = "<group>"; };
		04C91CF42BD085B00048D1B4 /* HabitDetailUIState.swift */ = {isa = PBXFileReference; lastKnownFileType = sourcecode.swift; path = HabitDetailUIState.swift; sourceTree = "<group>"; };
		04C91CF62BD086A40048D1B4 /* HabitDetailView.swift */ = {isa = PBXFileReference; lastKnownFileType = sourcecode.swift; path = HabitDetailView.swift; sourceTree = "<group>"; };
		04C91CF82BD0882A0048D1B4 /* HabitDetailViewModel.swift */ = {isa = PBXFileReference; lastKnownFileType = sourcecode.swift; path = HabitDetailViewModel.swift; sourceTree = "<group>"; };
		04C91CFA2BD097A40048D1B4 /* HabitCardViewRouter.swift */ = {isa = PBXFileReference; lastKnownFileType = sourcecode.swift; path = HabitCardViewRouter.swift; sourceTree = "<group>"; };
		04C91CFD2BD1D8B20048D1B4 /* HabitDetailRemoteDataSource.swift */ = {isa = PBXFileReference; lastKnownFileType = sourcecode.swift; path = HabitDetailRemoteDataSource.swift; sourceTree = "<group>"; };
		04C91CFF2BD1D9A50048D1B4 /* HabitValueRequest.swift */ = {isa = PBXFileReference; lastKnownFileType = sourcecode.swift; path = HabitValueRequest.swift; sourceTree = "<group>"; };
		04C91D012BD1DC960048D1B4 /* HabitDetailInteractor.swift */ = {isa = PBXFileReference; lastKnownFileType = sourcecode.swift; path = HabitDetailInteractor.swift; sourceTree = "<group>"; };
		04C91D032BD4AA080048D1B4 /* ImageView.swift */ = {isa = PBXFileReference; lastKnownFileType = sourcecode.swift; path = ImageView.swift; sourceTree = "<group>"; };
		04D9ECA62BEFEED800EE1BD2 /* ProfileView.swift */ = {isa = PBXFileReference; lastKnownFileType = sourcecode.swift; path = ProfileView.swift; sourceTree = "<group>"; };
		04D9ECA82BEFFD8F00EE1BD2 /* GenderSelectorView.swift */ = {isa = PBXFileReference; lastKnownFileType = sourcecode.swift; path = GenderSelectorView.swift; sourceTree = "<group>"; };
		04D9ECAA2BF183F200EE1BD2 /* ProfileViewModel.swift */ = {isa = PBXFileReference; lastKnownFileType = sourcecode.swift; path = ProfileViewModel.swift; sourceTree = "<group>"; };
		04E823F92B5453770008AEFD /* SignInUIState.swift */ = {isa = PBXFileReference; lastKnownFileType = sourcecode.swift; path = SignInUIState.swift; sourceTree = "<group>"; };
		04E823FB2B545F480008AEFD /* SignInRouter.swift */ = {isa = PBXFileReference; lastKnownFileType = sourcecode.swift; path = SignInRouter.swift; sourceTree = "<group>"; };
		04E824012B5466090008AEFD /* HomeView.swift */ = {isa = PBXFileReference; lastKnownFileType = sourcecode.swift; path = HomeView.swift; sourceTree = "<group>"; };
		04E824032B546B200008AEFD /* HomeViewModel.swift */ = {isa = PBXFileReference; lastKnownFileType = sourcecode.swift; path = HomeViewModel.swift; sourceTree = "<group>"; };
		04E824072B54BBD70008AEFD /* Gender.swift */ = {isa = PBXFileReference; lastKnownFileType = sourcecode.swift; path = Gender.swift; sourceTree = "<group>"; };
		04EB97B72B8AC67E002BF146 /* ButtonStyle.swift */ = {isa = PBXFileReference; lastKnownFileType = sourcecode.swift; path = ButtonStyle.swift; sourceTree = "<group>"; };
		04EB97B92B8ADA81002BF146 /* HabitCardViewModel.swift */ = {isa = PBXFileReference; lastKnownFileType = sourcecode.swift; path = HabitCardViewModel.swift; sourceTree = "<group>"; };
		04EB97BD2B8AE614002BF146 /* HabitCardView.swift */ = {isa = PBXFileReference; lastKnownFileType = sourcecode.swift; path = HabitCardView.swift; sourceTree = "<group>"; };
		04EF24A82BF3D60D004CFCF3 /* ProfileInteractor.swift */ = {isa = PBXFileReference; lastKnownFileType = sourcecode.swift; path = ProfileInteractor.swift; sourceTree = "<group>"; };
		04EF24AA2BF3D81C004CFCF3 /* ProfileUIState.swift */ = {isa = PBXFileReference; lastKnownFileType = sourcecode.swift; path = ProfileUIState.swift; sourceTree = "<group>"; };
/* End PBXFileReference section */

/* Begin PBXFrameworksBuildPhase section */
		041A36A62B43981B00BF1128 /* Frameworks */ = {
			isa = PBXFrameworksBuildPhase;
			buildActionMask = 2147483647;
			files = (
			);
			runOnlyForDeploymentPostprocessing = 0;
		};
/* End PBXFrameworksBuildPhase section */

/* Begin PBXGroup section */
		0400D7E92B5B1D8C00425579 /* View */ = {
			isa = PBXGroup;
			children = (
				04EB97B62B8AC658002BF146 /* Modifier */,
				04A156842B5C604E00E7CA6F /* LoadingButtonView.swift */,
				0400D7ED2B5B207700425579 /* EditTextView.swift */,
				0400D7EA2B5B1DA600425579 /* style */,
				04C91D032BD4AA080048D1B4 /* ImageView.swift */,
			);
			path = View;
			sourceTree = "<group>";
		};
		0400D7EA2B5B1DA600425579 /* style */ = {
			isa = PBXGroup;
			children = (
				0400D7EB2B5B1DD400425579 /* CustomTextField.swift */,
			);
			path = style;
			sourceTree = "<group>";
		};
		0414C2072B7B0ABB00F7562D /* Interactor */ = {
			isa = PBXGroup;
			children = (
				0414C2082B7B0AE100F7562D /* SplashInteractor.swift */,
			);
			path = Interactor;
			sourceTree = "<group>";
		};
		041A36A02B43981A00BF1128 = {
			isa = PBXGroup;
			children = (
				041A36AB2B43981B00BF1128 /* introducao */,
				041A36AA2B43981B00BF1128 /* Products */,
			);
			sourceTree = "<group>";
		};
		041A36AA2B43981B00BF1128 /* Products */ = {
			isa = PBXGroup;
			children = (
				041A36A92B43981B00BF1128 /* introducao.app */,
			);
			name = Products;
			sourceTree = "<group>";
		};
		041A36AB2B43981B00BF1128 /* introducao */ = {
			isa = PBXGroup;
			children = (
				04D9ECA22BEFEE5700EE1BD2 /* Profile */,
				041A36B02B43981D00BF1128 /* Assets.xcassets */,
				04E824052B54BB9B0008AEFD /* common */,
				04C91CF02BD085240048D1B4 /* HabitDetail */,
				048E1C472B83D596007DE519 /* Habit */,
				04E823FD2B54647B0008AEFD /* Home */,
				041A36AC2B43981B00BF1128 /* introducaoApp.swift */,
				041A36B22B43981D00BF1128 /* Preview Content */,
				04A4EB2A2B4F5C9A00732154 /* SignIn */,
				04A4EB342B4F646400732154 /* SignUp */,
				0454E3C12B4CD1EB001840DB /* Splash */,
			);
			path = introducao;
			sourceTree = "<group>";
		};
		041A36B22B43981D00BF1128 /* Preview Content */ = {
			isa = PBXGroup;
			children = (
				041A36B32B43981D00BF1128 /* Preview Assets.xcassets */,
			);
			path = "Preview Content";
			sourceTree = "<group>";
		};
		0454E3C12B4CD1EB001840DB /* Splash */ = {
			isa = PBXGroup;
			children = (
				0414C2072B7B0ABB00F7562D /* Interactor */,
				0454E3C32B4CD266001840DB /* View */,
				04BBE06C2B4F468C00831A66 /* ViewModel */,
				0454E3C22B4CD202001840DB /* Model */,
			);
			path = Splash;
			sourceTree = "<group>";
		};
		0454E3C22B4CD202001840DB /* Model */ = {
			isa = PBXGroup;
			children = (
				0454E3C72B4CD3D6001840DB /* SplashUIState.swift */,
			);
			path = Model;
			sourceTree = "<group>";
		};
		0454E3C32B4CD266001840DB /* View */ = {
			isa = PBXGroup;
			children = (
				0454E3C42B4CD2B6001840DB /* SplashView.swift */,
			);
			path = View;
			sourceTree = "<group>";
		};
		045A788A2B77F1CE00BFA089 /* Interactor */ = {
			isa = PBXGroup;
			children = (
				045A788B2B77F20900BFA089 /* LoginInteractor.swift */,
				045A788D2B77FA7700BFA089 /* LoginRemoteDataSource.swift */,
			);
			path = Interactor;
			sourceTree = "<group>";
		};
		0471586D2BF3B2A700538468 /* interactor */ = {
			isa = PBXGroup;
			children = (
				0471586E2BF3B2DA00538468 /* ProfileRemoteDataSource.swift */,
				04EF24A82BF3D60D004CFCF3 /* ProfileInteractor.swift */,
			);
			path = interactor;
			sourceTree = "<group>";
		};
		048E1C472B83D596007DE519 /* Habit */ = {
			isa = PBXGroup;
			children = (
				04C91CE92BC739010048D1B4 /* Interactor */,
				048E1C492B83D5B5007DE519 /* View */,
				048E1C482B83D5A7007DE519 /* Model */,
				048E1C4A2B83D5BF007DE519 /* ViewModel */,
			);
			path = Habit;
			sourceTree = "<group>";
		};
		048E1C482B83D5A7007DE519 /* Model */ = {
			isa = PBXGroup;
			children = (
				048E1C4F2B83D746007DE519 /* HabitUIState.swift */,
				04C91CE72BC72CC90048D1B4 /* HabitResponse.swift */,
			);
			path = Model;
			sourceTree = "<group>";
		};
		048E1C492B83D5B5007DE519 /* View */ = {
			isa = PBXGroup;
			children = (
				048E1C4B2B83D662007DE519 /* HabitView.swift */,
				04EB97BD2B8AE614002BF146 /* HabitCardView.swift */,
			);
			path = View;
			sourceTree = "<group>";
		};
		048E1C4A2B83D5BF007DE519 /* ViewModel */ = {
			isa = PBXGroup;
			children = (
				048E1C4D2B83D6F6007DE519 /* HabitViewModel.swift */,
				04EB97B92B8ADA81002BF146 /* HabitCardViewModel.swift */,
				04C91CFA2BD097A40048D1B4 /* HabitCardViewRouter.swift */,
			);
			path = ViewModel;
			sourceTree = "<group>";
		};
		04A156812B5C486000E7CA6F /* Lang */ = {
			isa = PBXGroup;
			children = (
				04A156822B5C488400E7CA6F /* String+Extension.swift */,
				04C91CEE2BC87EDB0048D1B4 /* Date+Extension.swift */,
			);
			path = Lang;
			sourceTree = "<group>";
		};
		04A4EB2A2B4F5C9A00732154 /* SignIn */ = {
			isa = PBXGroup;
			children = (
				045A788A2B77F1CE00BFA089 /* Interactor */,
				04A4EB2C2B4F5CB300732154 /* View */,
				04A4EB2D2B4F5CC300732154 /* ViewModel */,
				04A4EB2B2B4F5CAB00732154 /* Model */,
			);
			path = SignIn;
			sourceTree = "<group>";
		};
		04A4EB2B2B4F5CAB00732154 /* Model */ = {
			isa = PBXGroup;
			children = (
				04E823F92B5453770008AEFD /* SignInUIState.swift */,
				04A8D55F2B61C24E009F44E4 /* LoginRequest.swift */,
				04A8D5612B61C68D009F44E4 /* LoginResponse.swift */,
				04A8D5632B62E853009F44E4 /* LoginErrorResponse.swift */,
			);
			path = Model;
			sourceTree = "<group>";
		};
		04A4EB2C2B4F5CB300732154 /* View */ = {
			isa = PBXGroup;
			children = (
				04A4EB2E2B4F5D1D00732154 /* SignInView.swift */,
			);
			path = View;
			sourceTree = "<group>";
		};
		04A4EB2D2B4F5CC300732154 /* ViewModel */ = {
			isa = PBXGroup;
			children = (
				04A4EB302B4F5D8C00732154 /* SignInViewModel.swift */,
				04E823FB2B545F480008AEFD /* SignInRouter.swift */,
			);
			path = ViewModel;
			sourceTree = "<group>";
		};
		04A4EB342B4F646400732154 /* SignUp */ = {
			isa = PBXGroup;
			children = (
				04C6B3932B799FEF0029FF6A /* Interactor */,
				04A4EB352B4F647000732154 /* View */,
				04A4EB382B4F64C200732154 /* ViewModel */,
				04A4EB392B4F64DF00732154 /* Model */,
			);
			path = SignUp;
			sourceTree = "<group>";
		};
		04A4EB352B4F647000732154 /* View */ = {
			isa = PBXGroup;
			children = (
				04A4EB362B4F649600732154 /* SignUpView.swift */,
			);
			path = View;
			sourceTree = "<group>";
		};
		04A4EB382B4F64C200732154 /* ViewModel */ = {
			isa = PBXGroup;
			children = (
				04A4EB3C2B4F653400732154 /* SignUpViewModel.swift */,
				046D9C732B55B95A0018A79B /* SiginUpRouter.swift */,
			);
			path = ViewModel;
			sourceTree = "<group>";
		};
		04A4EB392B4F64DF00732154 /* Model */ = {
			isa = PBXGroup;
			children = (
				046D9C712B55B7E70018A79B /* SignUpUIState.swift */,
				04A8D55B2B60475A009F44E4 /* RegisterSubmit.swift */,
			);
			path = Model;
			sourceTree = "<group>";
		};
		04A8D5582B6024B7009F44E4 /* Network */ = {
			isa = PBXGroup;
			children = (
				04A8D5592B6024E1009F44E4 /* WebService.swift */,
				0414C2052B7AED3800F7562D /* LocalDataSource.swift */,
			);
			path = Network;
			sourceTree = "<group>";
		};
		04BBE06C2B4F468C00831A66 /* ViewModel */ = {
			isa = PBXGroup;
			children = (
				04BBE06D2B4F46B100831A66 /* SplashViewModel.swift */,
				04A4EB322B4F603A00732154 /* SplashRouter.swift */,
			);
			path = ViewModel;
			sourceTree = "<group>";
		};
		04C6B3932B799FEF0029FF6A /* Interactor */ = {
			isa = PBXGroup;
			children = (
				04C6B3942B79A0180029FF6A /* SignUpInteractor.swift */,
				04C6B3962B79A04F0029FF6A /* SignUpRemoteDataSource.swift */,
			);
			path = Interactor;
			sourceTree = "<group>";
		};
		04C91CE92BC739010048D1B4 /* Interactor */ = {
			isa = PBXGroup;
			children = (
				04C91CEA2BC739250048D1B4 /* HabitRemoteDataSource.swift */,
				04C91CEC2BC7407B0048D1B4 /* HabitInteractor.swift */,
			);
			path = Interactor;
			sourceTree = "<group>";
		};
		04C91CF02BD085240048D1B4 /* HabitDetail */ = {
			isa = PBXGroup;
			children = (
				04C91CFC2BD1D87D0048D1B4 /* Interactor */,
				04C91CF32BD085700048D1B4 /* ViewModel */,
				04C91CF22BD085600048D1B4 /* View */,
				04C91CF12BD085580048D1B4 /* Model */,
			);
			path = HabitDetail;
			sourceTree = "<group>";
		};
		04C91CF12BD085580048D1B4 /* Model */ = {
			isa = PBXGroup;
			children = (
				04C91CF42BD085B00048D1B4 /* HabitDetailUIState.swift */,
				04C91CFF2BD1D9A50048D1B4 /* HabitValueRequest.swift */,
			);
			path = Model;
			sourceTree = "<group>";
		};
		04C91CF22BD085600048D1B4 /* View */ = {
			isa = PBXGroup;
			children = (
				04C91CF62BD086A40048D1B4 /* HabitDetailView.swift */,
			);
			path = View;
			sourceTree = "<group>";
		};
		04C91CF32BD085700048D1B4 /* ViewModel */ = {
			isa = PBXGroup;
			children = (
				04C91CF82BD0882A0048D1B4 /* HabitDetailViewModel.swift */,
			);
			path = ViewModel;
			sourceTree = "<group>";
		};
		04C91CFC2BD1D87D0048D1B4 /* Interactor */ = {
			isa = PBXGroup;
			children = (
				04C91CFD2BD1D8B20048D1B4 /* HabitDetailRemoteDataSource.swift */,
				04C91D012BD1DC960048D1B4 /* HabitDetailInteractor.swift */,
			);
			path = Interactor;
			sourceTree = "<group>";
		};
		04D9ECA22BEFEE5700EE1BD2 /* Profile */ = {
			isa = PBXGroup;
			children = (
				0471586D2BF3B2A700538468 /* interactor */,
				04D9ECA42BEFEE6F00EE1BD2 /* View */,
				04D9ECA32BEFEE6300EE1BD2 /* Model */,
				04D9ECA52BEFEE8500EE1BD2 /* ViewModel */,
			);
			path = Profile;
			sourceTree = "<group>";
		};
		04D9ECA32BEFEE6300EE1BD2 /* Model */ = {
			isa = PBXGroup;
			children = (
				0471586B2BF3AFBB00538468 /* ProfileResponse.swift */,
				04EF24AA2BF3D81C004CFCF3 /* ProfileUIState.swift */,
			);
			path = Model;
			sourceTree = "<group>";
		};
		04D9ECA42BEFEE6F00EE1BD2 /* View */ = {
			isa = PBXGroup;
			children = (
				04D9ECA62BEFEED800EE1BD2 /* ProfileView.swift */,
				04D9ECA82BEFFD8F00EE1BD2 /* GenderSelectorView.swift */,
			);
			path = View;
			sourceTree = "<group>";
		};
		04D9ECA52BEFEE8500EE1BD2 /* ViewModel */ = {
			isa = PBXGroup;
			children = (
				04D9ECAA2BF183F200EE1BD2 /* ProfileViewModel.swift */,
			);
			path = ViewModel;
			sourceTree = "<group>";
		};
		04E823FD2B54647B0008AEFD /* Home */ = {
			isa = PBXGroup;
			children = (
				04E823FE2B5465320008AEFD /* View */,
				04E823FF2B5465450008AEFD /* ViewModel */,
				04E824002B54654F0008AEFD /* Model */,
			);
			path = Home;
			sourceTree = "<group>";
		};
		04E823FE2B5465320008AEFD /* View */ = {
			isa = PBXGroup;
			children = (
				04E824012B5466090008AEFD /* HomeView.swift */,
			);
			path = View;
			sourceTree = "<group>";
		};
		04E823FF2B5465450008AEFD /* ViewModel */ = {
			isa = PBXGroup;
			children = (
				04E824032B546B200008AEFD /* HomeViewModel.swift */,
				048E1C452B83D4FC007DE519 /* homeRouter.swift */,
			);
			path = ViewModel;
			sourceTree = "<group>";
		};
		04E824002B54654F0008AEFD /* Model */ = {
			isa = PBXGroup;
			children = (
			);
			path = Model;
			sourceTree = "<group>";
		};
		04E824052B54BB9B0008AEFD /* common */ = {
			isa = PBXGroup;
			children = (
				04A8D5582B6024B7009F44E4 /* Network */,
				04A156812B5C486000E7CA6F /* Lang */,
				0400D7E92B5B1D8C00425579 /* View */,
				04E824062B54BBB70008AEFD /* Model */,
			);
			path = common;
			sourceTree = "<group>";
		};
		04E824062B54BBB70008AEFD /* Model */ = {
			isa = PBXGroup;
			children = (
				04E824072B54BBD70008AEFD /* Gender.swift */,
				04A8D55D2B618B19009F44E4 /* ErrorResponse.swift */,
				045A788F2B78190600BFA089 /* AppError.swift */,
				0414C2032B7AE82200F7562D /* UserAuth.swift */,
			);
			path = Model;
			sourceTree = "<group>";
		};
		04EB97B62B8AC658002BF146 /* Modifier */ = {
			isa = PBXGroup;
			children = (
				04EB97B72B8AC67E002BF146 /* ButtonStyle.swift */,
			);
			path = Modifier;
			sourceTree = "<group>";
		};
/* End PBXGroup section */

/* Begin PBXNativeTarget section */
		041A36A82B43981B00BF1128 /* introducao */ = {
			isa = PBXNativeTarget;
			buildConfigurationList = 041A36B72B43981D00BF1128 /* Build configuration list for PBXNativeTarget "introducao" */;
			buildPhases = (
				041A36A52B43981B00BF1128 /* Sources */,
				041A36A62B43981B00BF1128 /* Frameworks */,
				041A36A72B43981B00BF1128 /* Resources */,
			);
			buildRules = (
			);
			dependencies = (
			);
			name = introducao;
			productName = introducao;
			productReference = 041A36A92B43981B00BF1128 /* introducao.app */;
			productType = "com.apple.product-type.application";
		};
/* End PBXNativeTarget section */

/* Begin PBXProject section */
		041A36A12B43981A00BF1128 /* Project object */ = {
			isa = PBXProject;
			attributes = {
				BuildIndependentTargetsInParallel = 1;
				LastSwiftUpdateCheck = 1420;
				LastUpgradeCheck = 1420;
				TargetAttributes = {
					041A36A82B43981B00BF1128 = {
						CreatedOnToolsVersion = 14.2;
					};
				};
			};
			buildConfigurationList = 041A36A42B43981A00BF1128 /* Build configuration list for PBXProject "introducao" */;
			compatibilityVersion = "Xcode 14.0";
			developmentRegion = en;
			hasScannedForEncodings = 0;
			knownRegions = (
				en,
				Base,
			);
			mainGroup = 041A36A02B43981A00BF1128;
			productRefGroup = 041A36AA2B43981B00BF1128 /* Products */;
			projectDirPath = "";
			projectRoot = "";
			targets = (
				041A36A82B43981B00BF1128 /* introducao */,
			);
		};
/* End PBXProject section */

/* Begin PBXResourcesBuildPhase section */
		041A36A72B43981B00BF1128 /* Resources */ = {
			isa = PBXResourcesBuildPhase;
			buildActionMask = 2147483647;
			files = (
				041A36B42B43981D00BF1128 /* Preview Assets.xcassets in Resources */,
				041A36B12B43981D00BF1128 /* Assets.xcassets in Resources */,
			);
			runOnlyForDeploymentPostprocessing = 0;
		};
/* End PBXResourcesBuildPhase section */

/* Begin PBXSourcesBuildPhase section */
		041A36A52B43981B00BF1128 /* Sources */ = {
			isa = PBXSourcesBuildPhase;
			buildActionMask = 2147483647;
			files = (
				04EB97B82B8AC67E002BF146 /* ButtonStyle.swift in Sources */,
				04EB97BE2B8AE614002BF146 /* HabitCardView.swift in Sources */,
				0471586F2BF3B2DA00538468 /* ProfileRemoteDataSource.swift in Sources */,
				0454E3C82B4CD3D6001840DB /* SplashUIState.swift in Sources */,
				04C91D002BD1D9A50048D1B4 /* HabitValueRequest.swift in Sources */,
				04C91D042BD4AA080048D1B4 /* ImageView.swift in Sources */,
				0400D7EC2B5B1DD400425579 /* CustomTextField.swift in Sources */,
				04D9ECAB2BF183F200EE1BD2 /* ProfileViewModel.swift in Sources */,
				045A788E2B77FA7700BFA089 /* LoginRemoteDataSource.swift in Sources */,
				041A36AD2B43981B00BF1128 /* introducaoApp.swift in Sources */,
				04A156852B5C604E00E7CA6F /* LoadingButtonView.swift in Sources */,
				04A156832B5C488400E7CA6F /* String+Extension.swift in Sources */,
				04A4EB332B4F603A00732154 /* SplashRouter.swift in Sources */,
				046D9C722B55B7E70018A79B /* SignUpUIState.swift in Sources */,
				04E823FA2B5453770008AEFD /* SignInUIState.swift in Sources */,
				0471586C2BF3AFBB00538468 /* ProfileResponse.swift in Sources */,
				04C91D022BD1DC960048D1B4 /* HabitDetailInteractor.swift in Sources */,
				04C6B3972B79A04F0029FF6A /* SignUpRemoteDataSource.swift in Sources */,
				04C91CF72BD086A40048D1B4 /* HabitDetailView.swift in Sources */,
				04A8D55C2B60475A009F44E4 /* RegisterSubmit.swift in Sources */,
				04A4EB312B4F5D8C00732154 /* SignInViewModel.swift in Sources */,
				04A8D55A2B6024E1009F44E4 /* WebService.swift in Sources */,
				0414C2092B7B0AE100F7562D /* SplashInteractor.swift in Sources */,
				04A4EB3D2B4F653400732154 /* SignUpViewModel.swift in Sources */,
				04D9ECA92BEFFD8F00EE1BD2 /* GenderSelectorView.swift in Sources */,
				04E824082B54BBD70008AEFD /* Gender.swift in Sources */,
				04EB97BA2B8ADA81002BF146 /* HabitCardViewModel.swift in Sources */,
				04C91CE82BC72CC90048D1B4 /* HabitResponse.swift in Sources */,
				04E823FC2B545F480008AEFD /* SignInRouter.swift in Sources */,
				04A8D5622B61C68D009F44E4 /* LoginResponse.swift in Sources */,
				04A4EB372B4F649600732154 /* SignUpView.swift in Sources */,
				04C91CFE2BD1D8B20048D1B4 /* HabitDetailRemoteDataSource.swift in Sources */,
				04D9ECA72BEFEED800EE1BD2 /* ProfileView.swift in Sources */,
				04A8D5602B61C24E009F44E4 /* LoginRequest.swift in Sources */,
				045A788C2B77F20900BFA089 /* LoginInteractor.swift in Sources */,
				048E1C4C2B83D662007DE519 /* HabitView.swift in Sources */,
				04E824042B546B200008AEFD /* HomeViewModel.swift in Sources */,
				04C91CF92BD0882A0048D1B4 /* HabitDetailViewModel.swift in Sources */,
				0454E3C52B4CD2B6001840DB /* SplashView.swift in Sources */,
				04A8D55E2B618B19009F44E4 /* ErrorResponse.swift in Sources */,
				04E824022B5466090008AEFD /* HomeView.swift in Sources */,
				04A8D5642B62E853009F44E4 /* LoginErrorResponse.swift in Sources */,
				04C91CED2BC7407B0048D1B4 /* HabitInteractor.swift in Sources */,
				048E1C502B83D746007DE519 /* HabitUIState.swift in Sources */,
				04BBE06E2B4F46B100831A66 /* SplashViewModel.swift in Sources */,
				0414C2042B7AE82200F7562D /* UserAuth.swift in Sources */,
				04C91CEF2BC87EDB0048D1B4 /* Date+Extension.swift in Sources */,
				04EF24AB2BF3D81C004CFCF3 /* ProfileUIState.swift in Sources */,
				0400D7EE2B5B207700425579 /* EditTextView.swift in Sources */,
				04EF24A92BF3D60D004CFCF3 /* ProfileInteractor.swift in Sources */,
				048E1C4E2B83D6F6007DE519 /* HabitViewModel.swift in Sources */,
				04C91CFB2BD097A40048D1B4 /* HabitCardViewRouter.swift in Sources */,
				046D9C742B55B95A0018A79B /* SiginUpRouter.swift in Sources */,
				045A78902B78190600BFA089 /* AppError.swift in Sources */,
				0414C2062B7AED3800F7562D /* LocalDataSource.swift in Sources */,
				04C91CF52BD085B00048D1B4 /* HabitDetailUIState.swift in Sources */,
				04C6B3952B79A0180029FF6A /* SignUpInteractor.swift in Sources */,
				04A4EB2F2B4F5D1D00732154 /* SignInView.swift in Sources */,
				048E1C462B83D4FC007DE519 /* homeRouter.swift in Sources */,
				04C91CEB2BC739250048D1B4 /* HabitRemoteDataSource.swift in Sources */,
			);
			runOnlyForDeploymentPostprocessing = 0;
		};
/* End PBXSourcesBuildPhase section */

/* Begin XCBuildConfiguration section */
		041A36B52B43981D00BF1128 /* Debug */ = {
			isa = XCBuildConfiguration;
			buildSettings = {
				ALWAYS_SEARCH_USER_PATHS = NO;
				CLANG_ANALYZER_NONNULL = YES;
				CLANG_ANALYZER_NUMBER_OBJECT_CONVERSION = YES_AGGRESSIVE;
				CLANG_CXX_LANGUAGE_STANDARD = "gnu++20";
				CLANG_ENABLE_MODULES = YES;
				CLANG_ENABLE_OBJC_ARC = YES;
				CLANG_ENABLE_OBJC_WEAK = YES;
				CLANG_WARN_BLOCK_CAPTURE_AUTORELEASING = YES;
				CLANG_WARN_BOOL_CONVERSION = YES;
				CLANG_WARN_COMMA = YES;
				CLANG_WARN_CONSTANT_CONVERSION = YES;
				CLANG_WARN_DEPRECATED_OBJC_IMPLEMENTATIONS = YES;
				CLANG_WARN_DIRECT_OBJC_ISA_USAGE = YES_ERROR;
				CLANG_WARN_DOCUMENTATION_COMMENTS = YES;
				CLANG_WARN_EMPTY_BODY = YES;
				CLANG_WARN_ENUM_CONVERSION = YES;
				CLANG_WARN_INFINITE_RECURSION = YES;
				CLANG_WARN_INT_CONVERSION = YES;
				CLANG_WARN_NON_LITERAL_NULL_CONVERSION = YES;
				CLANG_WARN_OBJC_IMPLICIT_RETAIN_SELF = YES;
				CLANG_WARN_OBJC_LITERAL_CONVERSION = YES;
				CLANG_WARN_OBJC_ROOT_CLASS = YES_ERROR;
				CLANG_WARN_QUOTED_INCLUDE_IN_FRAMEWORK_HEADER = YES;
				CLANG_WARN_RANGE_LOOP_ANALYSIS = YES;
				CLANG_WARN_STRICT_PROTOTYPES = YES;
				CLANG_WARN_SUSPICIOUS_MOVE = YES;
				CLANG_WARN_UNGUARDED_AVAILABILITY = YES_AGGRESSIVE;
				CLANG_WARN_UNREACHABLE_CODE = YES;
				CLANG_WARN__DUPLICATE_METHOD_MATCH = YES;
				COPY_PHASE_STRIP = NO;
				DEBUG_INFORMATION_FORMAT = dwarf;
				ENABLE_STRICT_OBJC_MSGSEND = YES;
				ENABLE_TESTABILITY = YES;
				GCC_C_LANGUAGE_STANDARD = gnu11;
				GCC_DYNAMIC_NO_PIC = NO;
				GCC_NO_COMMON_BLOCKS = YES;
				GCC_OPTIMIZATION_LEVEL = 0;
				GCC_PREPROCESSOR_DEFINITIONS = (
					"DEBUG=1",
					"$(inherited)",
				);
				GCC_WARN_64_TO_32_BIT_CONVERSION = YES;
				GCC_WARN_ABOUT_RETURN_TYPE = YES_ERROR;
				GCC_WARN_UNDECLARED_SELECTOR = YES;
				GCC_WARN_UNINITIALIZED_AUTOS = YES_AGGRESSIVE;
				GCC_WARN_UNUSED_FUNCTION = YES;
				GCC_WARN_UNUSED_VARIABLE = YES;
				IPHONEOS_DEPLOYMENT_TARGET = 16.2;
				MTL_ENABLE_DEBUG_INFO = INCLUDE_SOURCE;
				MTL_FAST_MATH = YES;
				ONLY_ACTIVE_ARCH = YES;
				SDKROOT = iphoneos;
				SWIFT_ACTIVE_COMPILATION_CONDITIONS = DEBUG;
				SWIFT_OPTIMIZATION_LEVEL = "-Onone";
			};
			name = Debug;
		};
		041A36B62B43981D00BF1128 /* Release */ = {
			isa = XCBuildConfiguration;
			buildSettings = {
				ALWAYS_SEARCH_USER_PATHS = NO;
				CLANG_ANALYZER_NONNULL = YES;
				CLANG_ANALYZER_NUMBER_OBJECT_CONVERSION = YES_AGGRESSIVE;
				CLANG_CXX_LANGUAGE_STANDARD = "gnu++20";
				CLANG_ENABLE_MODULES = YES;
				CLANG_ENABLE_OBJC_ARC = YES;
				CLANG_ENABLE_OBJC_WEAK = YES;
				CLANG_WARN_BLOCK_CAPTURE_AUTORELEASING = YES;
				CLANG_WARN_BOOL_CONVERSION = YES;
				CLANG_WARN_COMMA = YES;
				CLANG_WARN_CONSTANT_CONVERSION = YES;
				CLANG_WARN_DEPRECATED_OBJC_IMPLEMENTATIONS = YES;
				CLANG_WARN_DIRECT_OBJC_ISA_USAGE = YES_ERROR;
				CLANG_WARN_DOCUMENTATION_COMMENTS = YES;
				CLANG_WARN_EMPTY_BODY = YES;
				CLANG_WARN_ENUM_CONVERSION = YES;
				CLANG_WARN_INFINITE_RECURSION = YES;
				CLANG_WARN_INT_CONVERSION = YES;
				CLANG_WARN_NON_LITERAL_NULL_CONVERSION = YES;
				CLANG_WARN_OBJC_IMPLICIT_RETAIN_SELF = YES;
				CLANG_WARN_OBJC_LITERAL_CONVERSION = YES;
				CLANG_WARN_OBJC_ROOT_CLASS = YES_ERROR;
				CLANG_WARN_QUOTED_INCLUDE_IN_FRAMEWORK_HEADER = YES;
				CLANG_WARN_RANGE_LOOP_ANALYSIS = YES;
				CLANG_WARN_STRICT_PROTOTYPES = YES;
				CLANG_WARN_SUSPICIOUS_MOVE = YES;
				CLANG_WARN_UNGUARDED_AVAILABILITY = YES_AGGRESSIVE;
				CLANG_WARN_UNREACHABLE_CODE = YES;
				CLANG_WARN__DUPLICATE_METHOD_MATCH = YES;
				COPY_PHASE_STRIP = NO;
				DEBUG_INFORMATION_FORMAT = "dwarf-with-dsym";
				ENABLE_NS_ASSERTIONS = NO;
				ENABLE_STRICT_OBJC_MSGSEND = YES;
				GCC_C_LANGUAGE_STANDARD = gnu11;
				GCC_NO_COMMON_BLOCKS = YES;
				GCC_WARN_64_TO_32_BIT_CONVERSION = YES;
				GCC_WARN_ABOUT_RETURN_TYPE = YES_ERROR;
				GCC_WARN_UNDECLARED_SELECTOR = YES;
				GCC_WARN_UNINITIALIZED_AUTOS = YES_AGGRESSIVE;
				GCC_WARN_UNUSED_FUNCTION = YES;
				GCC_WARN_UNUSED_VARIABLE = YES;
				IPHONEOS_DEPLOYMENT_TARGET = 16.2;
				MTL_ENABLE_DEBUG_INFO = NO;
				MTL_FAST_MATH = YES;
				SDKROOT = iphoneos;
				SWIFT_COMPILATION_MODE = wholemodule;
				SWIFT_OPTIMIZATION_LEVEL = "-O";
				VALIDATE_PRODUCT = YES;
			};
			name = Release;
		};
		041A36B82B43981D00BF1128 /* Debug */ = {
			isa = XCBuildConfiguration;
			buildSettings = {
				ASSETCATALOG_COMPILER_APPICON_NAME = AppIcon;
				ASSETCATALOG_COMPILER_GLOBAL_ACCENT_COLOR_NAME = AccentColor;
				CODE_SIGN_STYLE = Automatic;
				CURRENT_PROJECT_VERSION = 1;
				DEVELOPMENT_ASSET_PATHS = "\"introducao/Preview Content\"";
				DEVELOPMENT_TEAM = FX2PYQX5ZQ;
				ENABLE_PREVIEWS = YES;
				GENERATE_INFOPLIST_FILE = YES;
				INFOPLIST_KEY_UIApplicationSceneManifest_Generation = YES;
				INFOPLIST_KEY_UIApplicationSupportsIndirectInputEvents = YES;
				INFOPLIST_KEY_UILaunchScreen_Generation = YES;
				INFOPLIST_KEY_UISupportedInterfaceOrientations_iPad = "UIInterfaceOrientationPortrait UIInterfaceOrientationPortraitUpsideDown UIInterfaceOrientationLandscapeLeft UIInterfaceOrientationLandscapeRight";
				INFOPLIST_KEY_UISupportedInterfaceOrientations_iPhone = "UIInterfaceOrientationPortrait UIInterfaceOrientationLandscapeLeft UIInterfaceOrientationLandscapeRight";
				IPHONEOS_DEPLOYMENT_TARGET = 14.0;
				LD_RUNPATH_SEARCH_PATHS = (
					"$(inherited)",
					"@executable_path/Frameworks",
				);
				MARKETING_VERSION = 1.0;
				PRODUCT_BUNDLE_IDENTIFIER = angelilton.introducao;
				PRODUCT_NAME = "$(TARGET_NAME)";
				SWIFT_EMIT_LOC_STRINGS = YES;
				SWIFT_VERSION = 5.0;
				TARGETED_DEVICE_FAMILY = "1,2";
			};
			name = Debug;
		};
		041A36B92B43981D00BF1128 /* Release */ = {
			isa = XCBuildConfiguration;
			buildSettings = {
				ASSETCATALOG_COMPILER_APPICON_NAME = AppIcon;
				ASSETCATALOG_COMPILER_GLOBAL_ACCENT_COLOR_NAME = AccentColor;
				CODE_SIGN_STYLE = Automatic;
				CURRENT_PROJECT_VERSION = 1;
				DEVELOPMENT_ASSET_PATHS = "\"introducao/Preview Content\"";
				DEVELOPMENT_TEAM = FX2PYQX5ZQ;
				ENABLE_PREVIEWS = YES;
				GENERATE_INFOPLIST_FILE = YES;
				INFOPLIST_KEY_UIApplicationSceneManifest_Generation = YES;
				INFOPLIST_KEY_UIApplicationSupportsIndirectInputEvents = YES;
				INFOPLIST_KEY_UILaunchScreen_Generation = YES;
				INFOPLIST_KEY_UISupportedInterfaceOrientations_iPad = "UIInterfaceOrientationPortrait UIInterfaceOrientationPortraitUpsideDown UIInterfaceOrientationLandscapeLeft UIInterfaceOrientationLandscapeRight";
				INFOPLIST_KEY_UISupportedInterfaceOrientations_iPhone = "UIInterfaceOrientationPortrait UIInterfaceOrientationLandscapeLeft UIInterfaceOrientationLandscapeRight";
				IPHONEOS_DEPLOYMENT_TARGET = 14.0;
				LD_RUNPATH_SEARCH_PATHS = (
					"$(inherited)",
					"@executable_path/Frameworks",
				);
				MARKETING_VERSION = 1.0;
				PRODUCT_BUNDLE_IDENTIFIER = angelilton.introducao;
				PRODUCT_NAME = "$(TARGET_NAME)";
				SWIFT_EMIT_LOC_STRINGS = YES;
				SWIFT_VERSION = 5.0;
				TARGETED_DEVICE_FAMILY = "1,2";
			};
			name = Release;
		};
/* End XCBuildConfiguration section */

/* Begin XCConfigurationList section */
		041A36A42B43981A00BF1128 /* Build configuration list for PBXProject "introducao" */ = {
			isa = XCConfigurationList;
			buildConfigurations = (
				041A36B52B43981D00BF1128 /* Debug */,
				041A36B62B43981D00BF1128 /* Release */,
			);
			defaultConfigurationIsVisible = 0;
			defaultConfigurationName = Release;
		};
		041A36B72B43981D00BF1128 /* Build configuration list for PBXNativeTarget "introducao" */ = {
			isa = XCConfigurationList;
			buildConfigurations = (
				041A36B82B43981D00BF1128 /* Debug */,
				041A36B92B43981D00BF1128 /* Release */,
			);
			defaultConfigurationIsVisible = 0;
			defaultConfigurationName = Release;
		};
/* End XCConfigurationList section */
	};
	rootObject = 041A36A12B43981A00BF1128 /* Project object */;
}
